
Microsoft Visual Studio Solution File, Format Version 12.00
# Visual Studio Version 16
VisualStudioVersion = 16.0.32106.194
MinimumVisualStudioVersion = 10.0.40219.1
Project("{8BC9CEB8-8B4A-11D0-8D11-00A0C91BC942}") = "Fully_Functional", "Fully_Functional.vcxproj", "{3C6FD340-8AE5-47E2-9B40-0E21183BC010}"
EndProject
Global
	GlobalSection(SolutionConfigurationPlatforms) = preSolution
		Debug|x64 = Debug|x64
		Debug|x86 = Debug|x86
		Release|x64 = Release|x64
		Release|x86 = Release|x86
	EndGlobalSection
	GlobalSection(ProjectConfigurationPlatforms) = postSolution
		{3C6FD340-8AE5-47E2-9B40-0E21183BC010}.Debug|x64.ActiveCfg = Debug|x64
		{3C6FD340-8AE5-47E2-9B40-0E21183BC010}.Debug|x64.Build.0 = Debug|x64
		{3C6FD340-8AE5-47E2-9B40-0E21183BC010}.Debug|x86.ActiveCfg = Debug|Win32
		{3C6FD340-8AE5-47E2-9B40-0E21183BC010}.Debug|x86.Build.0 = Debug|Win32
		{3C6FD340-8AE5-47E2-9B40-0E21183BC010}.Release|x64.ActiveCfg = Release|x64
		{3C6FD340-8AE5-47E2-9B40-0E21183BC010}.Release|x64.Build.0 = Release|x64
		{3C6FD340-8AE5-47E2-9B40-0E21183BC010}.Release|x86.ActiveCfg = Release|Win32
		{3C6FD340-8AE5-47E2-9B40-0E21183BC010}.Release|x86.Build.0 = Release|Win32
	EndGlobalSection
	GlobalSection(SolutionProperties) = preSolution
		HideSolutionNode = FALSE
	EndGlobalSection
	GlobalSection(ExtensibilityGlobals) = postSolution
		SolutionGuid = {EC2A6409-9C8B-4FE6-919A-7786BB60ADEB}
	EndGlobalSection
EndGlobal
